// !$*UTF8*$!
{
	archiveVersion = 1;
	classes = {
	};
	objectVersion = 56;
	objects = {

/* Begin PBXBuildFile section */
		5104A1432B77AA6800A96734 /* AppDelegate.swift in Sources */ = {isa = PBXBuildFile; fileRef = 5104A1422B77AA6800A96734 /* AppDelegate.swift */; };
		5104A1452B77AA6800A96734 /* SceneDelegate.swift in Sources */ = {isa = PBXBuildFile; fileRef = 5104A1442B77AA6800A96734 /* SceneDelegate.swift */; };
		5104A1472B77AA6800A96734 /* ViewController.swift in Sources */ = {isa = PBXBuildFile; fileRef = 5104A1462B77AA6800A96734 /* ViewController.swift */; };
		5104A14A2B77AA6800A96734 /* Main.storyboard in Resources */ = {isa = PBXBuildFile; fileRef = 5104A1482B77AA6800A96734 /* Main.storyboard */; };
		5104A14C2B77AA6900A96734 /* Assets.xcassets in Resources */ = {isa = PBXBuildFile; fileRef = 5104A14B2B77AA6900A96734 /* Assets.xcassets */; };
		5104A14F2B77AA6900A96734 /* LaunchScreen.storyboard in Resources */ = {isa = PBXBuildFile; fileRef = 5104A14D2B77AA6900A96734 /* LaunchScreen.storyboard */; };
		51D6354C2B77DAB800386949 /* Question.swift in Sources */ = {isa = PBXBuildFile; fileRef = 51D6354B2B77DAB800386949 /* Question.swift */; };
		51D635512B7802B200386949 /* quizBrain.swift in Sources */ = {isa = PBXBuildFile; fileRef = 51D635502B7802B200386949 /* quizBrain.swift */; };
/* End PBXBuildFile section */

/* Begin PBXFileReference section */
		5104A13F2B77AA6800A96734 /* quizzApp.app */ = {isa = PBXFileReference; explicitFileType = wrapper.application; includeInIndex = 0; path = quizzApp.app; sourceTree = BUILT_PRODUCTS_DIR; };
		5104A1422B77AA6800A96734 /* AppDelegate.swift */ = {isa = PBXFileReference; lastKnownFileType = sourcecode.swift; path = AppDelegate.swift; sourceTree = "<group>"; };
		5104A1442B77AA6800A96734 /* SceneDelegate.swift */ = {isa = PBXFileReference; lastKnownFileType = sourcecode.swift; path = SceneDelegate.swift; sourceTree = "<group>"; };
		5104A1462B77AA6800A96734 /* ViewController.swift */ = {isa = PBXFileReference; lastKnownFileType = sourcecode.swift; path = ViewController.swift; sourceTree = "<group>"; };
		5104A1492B77AA6800A96734 /* Base */ = {isa = PBXFileReference; lastKnownFileType = file.storyboard; name = Base; path = Base.lproj/Main.storyboard; sourceTree = "<group>"; };
		5104A14B2B77AA6900A96734 /* Assets.xcassets */ = {isa = PBXFileReference; lastKnownFileType = folder.assetcatalog; path = Assets.xcassets; sourceTree = "<group>"; };
		5104A14E2B77AA6900A96734 /* Base */ = {isa = PBXFileReference; lastKnownFileType = file.storyboard; name = Base; path = Base.lproj/LaunchScreen.storyboard; sourceTree = "<group>"; };
		5104A1502B77AA6900A96734 /* Info.plist */ = {isa = PBXFileReference; lastKnownFileType = text.plist.xml; path = Info.plist; sourceTree = "<group>"; };
		51D6354B2B77DAB800386949 /* Question.swift */ = {isa = PBXFileReference; lastKnownFileType = sourcecode.swift; path = Question.swift; sourceTree = "<group>"; };
		51D635502B7802B200386949 /* quizBrain.swift */ = {isa = PBXFileReference; lastKnownFileType = sourcecode.swift; path = quizBrain.swift; sourceTree = "<group>"; };
/* End PBXFileReference section */

/* Begin PBXFrameworksBuildPhase section */
		5104A13C2B77AA6800A96734 /* Frameworks */ = {
			isa = PBXFrameworksBuildPhase;
			buildActionMask = 2147483647;
			files = (
			);
			runOnlyForDeploymentPostprocessing = 0;
		};
/* End PBXFrameworksBuildPhase section */

/* Begin PBXGroup section */
		5104A1362B77AA6800A96734 = {
			isa = PBXGroup;
			children = (
				5104A1412B77AA6800A96734 /* quizzApp */,
				5104A1402B77AA6800A96734 /* Products */,
			);
			sourceTree = "<group>";
		};
		5104A1402B77AA6800A96734 /* Products */ = {
			isa = PBXGroup;
			children = (
				5104A13F2B77AA6800A96734 /* quizzApp.app */,
			);
			name = Products;
			sourceTree = "<group>";
		};
		5104A1412B77AA6800A96734 /* quizzApp */ = {
			isa = PBXGroup;
			children = (
				51D6354F2B78026800386949 /* controllers */,
				51D6354E2B78025D00386949 /* views */,
				51D6354D2B78025600386949 /* models */,
				5104A1422B77AA6800A96734 /* AppDelegate.swift */,
				5104A1442B77AA6800A96734 /* SceneDelegate.swift */,
				5104A14B2B77AA6900A96734 /* Assets.xcassets */,
				5104A14D2B77AA6900A96734 /* LaunchScreen.storyboard */,
				5104A1502B77AA6900A96734 /* Info.plist */,
			);
			path = quizzApp;
			sourceTree = "<group>";
		};
		51D6354D2B78025600386949 /* models */ = {
			isa = PBXGroup;
			children = (
				51D6354B2B77DAB800386949 /* Question.swift */,
				51D635502B7802B200386949 /* quizBrain.swift */,
			);
			path = models;
			sourceTree = "<group>";
		};
		51D6354E2B78025D00386949 /* views */ = {
			isa = PBXGroup;
			children = (
				5104A1482B77AA6800A96734 /* Main.storyboard */,
			);
			path = views;
			sourceTree = "<group>";
		};
		51D6354F2B78026800386949 /* controllers */ = {
			isa = PBXGroup;
			children = (
				5104A1462B77AA6800A96734 /* ViewController.swift */,
			);
			path = controllers;
			sourceTree = "<group>";
		};
/* End PBXGroup section */

/* Begin PBXNativeTarget section */
		5104A13E2B77AA6800A96734 /* quizzApp */ = {
			isa = PBXNativeTarget;
			buildConfigurationList = 5104A1532B77AA6900A96734 /* Build configuration list for PBXNativeTarget "quizzApp" */;
			buildPhases = (
				5104A13B2B77AA6800A96734 /* Sources */,
				5104A13C2B77AA6800A96734 /* Frameworks */,
				5104A13D2B77AA6800A96734 /* Resources */,
			);
			buildRules = (
			);
			dependencies = (
			);
			name = quizzApp;
			productName = quizzApp;
			productReference = 5104A13F2B77AA6800A96734 /* quizzApp.app */;
			productType = "com.apple.product-type.application";
		};
/* End PBXNativeTarget section */

/* Begin PBXProject section */
		5104A1372B77AA6800A96734 /* Project object */ = {
			isa = PBXProject;
			attributes = {
				BuildIndependentTargetsInParallel = 1;
				LastSwiftUpdateCheck = 1430;
				LastUpgradeCheck = 1430;
				TargetAttributes = {
					5104A13E2B77AA6800A96734 = {
						CreatedOnToolsVersion = 14.3.1;
					};
				};
			};
			buildConfigurationList = 5104A13A2B77AA6800A96734 /* Build configuration list for PBXProject "quizzApp" */;
			compatibilityVersion = "Xcode 14.0";
			developmentRegion = en;
			hasScannedForEncodings = 0;
			knownRegions = (
				en,
				Base,
			);
			mainGroup = 5104A1362B77AA6800A96734;
			productRefGroup = 5104A1402B77AA6800A96734 /* Products */;
			projectDirPath = "";
			projectRoot = "";
			targets = (
				5104A13E2B77AA6800A96734 /* quizzApp */,
			);
		};
/* End PBXProject section */

/* Begin PBXResourcesBuildPhase section */
		5104A13D2B77AA6800A96734 /* Resources */ = {
			isa = PBXResourcesBuildPhase;
			buildActionMask = 2147483647;
			files = (
				5104A14F2B77AA6900A96734 /* LaunchScreen.storyboard in Resources */,
				5104A14C2B77AA6900A96734 /* Assets.xcassets in Resources */,
				5104A14A2B77AA6800A96734 /* Main.storyboard in Resources */,
			);
			runOnlyForDeploymentPostprocessing = 0;
		};
/* End PBXResourcesBuildPhase section */

/* Begin PBXSourcesBuildPhase section */
		5104A13B2B77AA6800A96734 /* Sources */ = {
			isa = PBXSourcesBuildPhase;
			buildActionMask = 2147483647;
			files = (
				5104A1472B77AA6800A96734 /* ViewController.swift in Sources */,
				51D6354C2B77DAB800386949 /* Question.swift in Sources */,
				5104A1432B77AA6800A96734 /* AppDelegate.swift in Sources */,
				5104A1452B77AA6800A96734 /* SceneDelegate.swift in Sources */,
				51D635512B7802B200386949 /* quizBrain.swift in Sources */,
			);
			runOnlyForDeploymentPostprocessing = 0;
		};
/* End PBXSourcesBuildPhase section */

/* Begin PBXVariantGroup section */
		5104A1482B77AA6800A96734 /* Main.storyboard */ = {
			isa = PBXVariantGroup;
			children = (
				5104A1492B77AA6800A96734 /* Base */,
			);
			name = Main.storyboard;
			sourceTree = "<group>";
		};
		5104A14D2B77AA6900A96734 /* LaunchScreen.storyboard */ = {
			isa = PBXVariantGroup;
			children = (
				5104A14E2B77AA6900A96734 /* Base */,
			);
			name = LaunchScreen.storyboard;
			sourceTree = "<group>";
		};
/* End PBXVariantGroup section */

/* Begin XCBuildConfiguration section */
		5104A1512B77AA6900A96734 /* Debug */ = {
			isa = XCBuildConfiguration;
			buildSettings = {
				ALWAYS_SEARCH_USER_PATHS = NO;
				CLANG_ANALYZER_NONNULL = YES;
				CLANG_ANALYZER_NUMBER_OBJECT_CONVERSION = YES_AGGRESSIVE;
				CLANG_CXX_LANGUAGE_STANDARD = "gnu++20";
				CLANG_ENABLE_MODULES = YES;
				CLANG_ENABLE_OBJC_ARC = YES;
				CLANG_ENABLE_OBJC_WEAK = YES;
				CLANG_WARN_BLOCK_CAPTURE_AUTORELEASING = YES;
				CLANG_WARN_BOOL_CONVERSION = YES;
				CLANG_WARN_COMMA = YES;
				CLANG_WARN_CONSTANT_CONVERSION = YES;
				CLANG_WARN_DEPRECATED_OBJC_IMPLEMENTATIONS = YES;
				CLANG_WARN_DIRECT_OBJC_ISA_USAGE = YES_ERROR;
				CLANG_WARN_DOCUMENTATION_COMMENTS = YES;
				CLANG_WARN_EMPTY_BODY = YES;
				CLANG_WARN_ENUM_CONVERSION = YES;
				CLANG_WARN_INFINITE_RECURSION = YES;
				CLANG_WARN_INT_CONVERSION = YES;
				CLANG_WARN_NON_LITERAL_NULL_CONVERSION = YES;
				CLANG_WARN_OBJC_IMPLICIT_RETAIN_SELF = YES;
				CLANG_WARN_OBJC_LITERAL_CONVERSION = YES;
				CLANG_WARN_OBJC_ROOT_CLASS = YES_ERROR;
				CLANG_WARN_QUOTED_INCLUDE_IN_FRAMEWORK_HEADER = YES;
				CLANG_WARN_RANGE_LOOP_ANALYSIS = YES;
				CLANG_WARN_STRICT_PROTOTYPES = YES;
				CLANG_WARN_SUSPICIOUS_MOVE = YES;
				CLANG_WARN_UNGUARDED_AVAILABILITY = YES_AGGRESSIVE;
				CLANG_WARN_UNREACHABLE_CODE = YES;
				CLANG_WARN__DUPLICATE_METHOD_MATCH = YES;
				COPY_PHASE_STRIP = NO;
				DEBUG_INFORMATION_FORMAT = dwarf;
				ENABLE_STRICT_OBJC_MSGSEND = YES;
				ENABLE_TESTABILITY = YES;
				GCC_C_LANGUAGE_STANDARD = gnu11;
				GCC_DYNAMIC_NO_PIC = NO;
				GCC_NO_COMMON_BLOCKS = YES;
				GCC_OPTIMIZATION_LEVEL = 0;
				GCC_PREPROCESSOR_DEFINITIONS = (
					"DEBUG=1",
					"$(inherited)",
				);
				GCC_WARN_64_TO_32_BIT_CONVERSION = YES;
				GCC_WARN_ABOUT_RETURN_TYPE = YES_ERROR;
				GCC_WARN_UNDECLARED_SELECTOR = YES;
				GCC_WARN_UNINITIALIZED_AUTOS = YES_AGGRESSIVE;
				GCC_WARN_UNUSED_FUNCTION = YES;
				GCC_WARN_UNUSED_VARIABLE = YES;
				IPHONEOS_DEPLOYMENT_TARGET = 16.4;
				MTL_ENABLE_DEBUG_INFO = INCLUDE_SOURCE;
				MTL_FAST_MATH = YES;
				ONLY_ACTIVE_ARCH = YES;
				SDKROOT = iphoneos;
				SWIFT_ACTIVE_COMPILATION_CONDITIONS = DEBUG;
				SWIFT_OPTIMIZATION_LEVEL = "-Onone";
			};
			name = Debug;
		};
		5104A1522B77AA6900A96734 /* Release */ = {
			isa = XCBuildConfiguration;
			buildSettings = {
				ALWAYS_SEARCH_USER_PATHS = NO;
				CLANG_ANALYZER_NONNULL = YES;
				CLANG_ANALYZER_NUMBER_OBJECT_CONVERSION = YES_AGGRESSIVE;
				CLANG_CXX_LANGUAGE_STANDARD = "gnu++20";
				CLANG_ENABLE_MODULES = YES;
				CLANG_ENABLE_OBJC_ARC = YES;
				CLANG_ENABLE_OBJC_WEAK = YES;
				CLANG_WARN_BLOCK_CAPTURE_AUTORELEASING = YES;
				CLANG_WARN_BOOL_CONVERSION = YES;
				CLANG_WARN_COMMA = YES;
				CLANG_WARN_CONSTANT_CONVERSION = YES;
				CLANG_WARN_DEPRECATED_OBJC_IMPLEMENTATIONS = YES;
				CLANG_WARN_DIRECT_OBJC_ISA_USAGE = YES_ERROR;
				CLANG_WARN_DOCUMENTATION_COMMENTS = YES;
				CLANG_WARN_EMPTY_BODY = YES;
				CLANG_WARN_ENUM_CONVERSION = YES;
				CLANG_WARN_INFINITE_RECURSION = YES;
				CLANG_WARN_INT_CONVERSION = YES;
				CLANG_WARN_NON_LITERAL_NULL_CONVERSION = YES;
				CLANG_WARN_OBJC_IMPLICIT_RETAIN_SELF = YES;
				CLANG_WARN_OBJC_LITERAL_CONVERSION = YES;
				CLANG_WARN_OBJC_ROOT_CLASS = YES_ERROR;
				CLANG_WARN_QUOTED_INCLUDE_IN_FRAMEWORK_HEADER = YES;
				CLANG_WARN_RANGE_LOOP_ANALYSIS = YES;
				CLANG_WARN_STRICT_PROTOTYPES = YES;
				CLANG_WARN_SUSPICIOUS_MOVE = YES;
				CLANG_WARN_UNGUARDED_AVAILABILITY = YES_AGGRESSIVE;
				CLANG_WARN_UNREACHABLE_CODE = YES;
				CLANG_WARN__DUPLICATE_METHOD_MATCH = YES;
				COPY_PHASE_STRIP = NO;
				DEBUG_INFORMATION_FORMAT = "dwarf-with-dsym";
				ENABLE_NS_ASSERTIONS = NO;
				ENABLE_STRICT_OBJC_MSGSEND = YES;
				GCC_C_LANGUAGE_STANDARD = gnu11;
				GCC_NO_COMMON_BLOCKS = YES;
				GCC_WARN_64_TO_32_BIT_CONVERSION = YES;
				GCC_WARN_ABOUT_RETURN_TYPE = YES_ERROR;
				GCC_WARN_UNDECLARED_SELECTOR = YES;
				GCC_WARN_UNINITIALIZED_AUTOS = YES_AGGRESSIVE;
				GCC_WARN_UNUSED_FUNCTION = YES;
				GCC_WARN_UNUSED_VARIABLE = YES;
				IPHONEOS_DEPLOYMENT_TARGET = 16.4;
				MTL_ENABLE_DEBUG_INFO = NO;
				MTL_FAST_MATH = YES;
				SDKROOT = iphoneos;
				SWIFT_COMPILATION_MODE = wholemodule;
				SWIFT_OPTIMIZATION_LEVEL = "-O";
				VALIDATE_PRODUCT = YES;
			};
			name = Release;
		};
		5104A1542B77AA6900A96734 /* Debug */ = {
			isa = XCBuildConfiguration;
			buildSettings = {
				ASSETCATALOG_COMPILER_APPICON_NAME = AppIcon;
				ASSETCATALOG_COMPILER_GLOBAL_ACCENT_COLOR_NAME = AccentColor;
				CODE_SIGN_STYLE = Automatic;
				CURRENT_PROJECT_VERSION = 1;
				DEVELOPMENT_TEAM = T468Y42DHM;
				GENERATE_INFOPLIST_FILE = YES;
				INFOPLIST_FILE = quizzApp/Info.plist;
				INFOPLIST_KEY_UIApplicationSupportsIndirectInputEvents = YES;
				INFOPLIST_KEY_UILaunchStoryboardName = LaunchScreen;
				INFOPLIST_KEY_UIMainStoryboardFile = Main;
				INFOPLIST_KEY_UISupportedInterfaceOrientations_iPad = "UIInterfaceOrientationPortrait UIInterfaceOrientationPortraitUpsideDown UIInterfaceOrientationLandscapeLeft UIInterfaceOrientationLandscapeRight";
				INFOPLIST_KEY_UISupportedInterfaceOrientations_iPhone = "UIInterfaceOrientationPortrait UIInterfaceOrientationLandscapeLeft UIInterfaceOrientationLandscapeRight";
				LD_RUNPATH_SEARCH_PATHS = (
					"$(inherited)",
					"@executable_path/Frameworks",
				);
				MARKETING_VERSION = 1.0;
				PRODUCT_BUNDLE_IDENTIFIER = com.amk4soft.quizzApp;
				PRODUCT_NAME = "$(TARGET_NAME)";
				SWIFT_EMIT_LOC_STRINGS = YES;
				SWIFT_VERSION = 5.0;
				TARGETED_DEVICE_FAMILY = "1,2";
			};
			name = Debug;
		};
		5104A1552B77AA6900A96734 /* Release */ = {
			isa = XCBuildConfiguration;
			buildSettings = {
				ASSETCATALOG_COMPILER_APPICON_NAME = AppIcon;
				ASSETCATALOG_COMPILER_GLOBAL_ACCENT_COLOR_NAME = AccentColor;
				CODE_SIGN_STYLE = Automatic;
				CURRENT_PROJECT_VERSION = 1;
				DEVELOPMENT_TEAM = T468Y42DHM;
				GENERATE_INFOPLIST_FILE = YES;
				INFOPLIST_FILE = quizzApp/Info.plist;
				INFOPLIST_KEY_UIApplicationSupportsIndirectInputEvents = YES;
				INFOPLIST_KEY_UILaunchStoryboardName = LaunchScreen;
				INFOPLIST_KEY_UIMainStoryboardFile = Main;
				INFOPLIST_KEY_UISupportedInterfaceOrientations_iPad = "UIInterfaceOrientationPortrait UIInterfaceOrientationPortraitUpsideDown UIInterfaceOrientationLandscapeLeft UIInterfaceOrientationLandscapeRight";
				INFOPLIST_KEY_UISupportedInterfaceOrientations_iPhone = "UIInterfaceOrientationPortrait UIInterfaceOrientationLandscapeLeft UIInterfaceOrientationLandscapeRight";
				LD_RUNPATH_SEARCH_PATHS = (
					"$(inherited)",
					"@executable_path/Frameworks",
				);
				MARKETING_VERSION = 1.0;
				PRODUCT_BUNDLE_IDENTIFIER = com.amk4soft.quizzApp;
				PRODUCT_NAME = "$(TARGET_NAME)";
				SWIFT_EMIT_LOC_STRINGS = YES;
				SWIFT_VERSION = 5.0;
				TARGETED_DEVICE_FAMILY = "1,2";
			};
			name = Release;
		};
/* End XCBuildConfiguration section */

/* Begin XCConfigurationList section */
		5104A13A2B77AA6800A96734 /* Build configuration list for PBXProject "quizzApp" */ = {
			isa = XCConfigurationList;
			buildConfigurations = (
				5104A1512B77AA6900A96734 /* Debug */,
				5104A1522B77AA6900A96734 /* Release */,
			);
			defaultConfigurationIsVisible = 0;
			defaultConfigurationName = Release;
		};
		5104A1532B77AA6900A96734 /* Build configuration list for PBXNativeTarget "quizzApp" */ = {
			isa = XCConfigurationList;
			buildConfigurations = (
				5104A1542B77AA6900A96734 /* Debug */,
				5104A1552B77AA6900A96734 /* Release */,
			);
			defaultConfigurationIsVisible = 0;
			defaultConfigurationName = Release;
		};
/* End XCConfigurationList section */
	};
	rootObject = 5104A1372B77AA6800A96734 /* Project object */;
}
